
Microsoft Visual Studio Solution File, Format Version 12.00
# Visual Studio 15
Project("{FAE04EC0-301F-11D3-BF4B-00C04F79EFBC}") = "AirPNP_Beta.Android", "AirPNP_Beta.Android\AirPNP_Beta.Android.csproj", "{58170DA5-94B5-4666-866C-9C43B58906C7}"
EndProject
Project("{FAE04EC0-301F-11D3-BF4B-00C04F79EFBC}") = "AirPNP_Beta.iOS", "AirPNP_Beta.iOS\AirPNP_Beta.iOS.csproj", "{14CCA12B-FF69-41F9-9C93-0282323867F3}"
EndProject
Project("{FAE04EC0-301F-11D3-BF4B-00C04F79EFBC}") = "AirPNP_Beta", "AirPNP_Beta\AirPNP_Beta.csproj", "{36701640-58A1-4C80-8EFA-19D4EFE67065}"
EndProject
Global
	GlobalSection(SolutionConfigurationPlatforms) = preSolution
		Debug|Any CPU = Debug|Any CPU
		Release|Any CPU = Release|Any CPU
		Debug|iPhoneSimulator = Debug|iPhoneSimulator
		Release|iPhoneSimulator = Release|iPhoneSimulator
		Debug|iPhone = Debug|iPhone
		Release|iPhone = Release|iPhone
	EndGlobalSection
	GlobalSection(ProjectConfigurationPlatforms) = postSolution
		{58170DA5-94B5-4666-866C-9C43B58906C7}.Debug|Any CPU.ActiveCfg = Debug|Any CPU
		{58170DA5-94B5-4666-866C-9C43B58906C7}.Debug|Any CPU.Build.0 = Debug|Any CPU
		{58170DA5-94B5-4666-866C-9C43B58906C7}.Release|Any CPU.ActiveCfg = Release|Any CPU
		{58170DA5-94B5-4666-866C-9C43B58906C7}.Release|Any CPU.Build.0 = Release|Any CPU
		{58170DA5-94B5-4666-866C-9C43B58906C7}.Debug|iPhoneSimulator.ActiveCfg = Debug|Any CPU
		{58170DA5-94B5-4666-866C-9C43B58906C7}.Debug|iPhoneSimulator.Build.0 = Debug|Any CPU
		{58170DA5-94B5-4666-866C-9C43B58906C7}.Release|iPhoneSimulator.ActiveCfg = Release|Any CPU
		{58170DA5-94B5-4666-866C-9C43B58906C7}.Release|iPhoneSimulator.Build.0 = Release|Any CPU
		{58170DA5-94B5-4666-866C-9C43B58906C7}.Debug|iPhone.ActiveCfg = Debug|Any CPU
		{58170DA5-94B5-4666-866C-9C43B58906C7}.Debug|iPhone.Build.0 = Debug|Any CPU
		{58170DA5-94B5-4666-866C-9C43B58906C7}.Release|iPhone.ActiveCfg = Release|Any CPU
		{58170DA5-94B5-4666-866C-9C43B58906C7}.Release|iPhone.Build.0 = Release|Any CPU
		{14CCA12B-FF69-41F9-9C93-0282323867F3}.Debug|Any CPU.ActiveCfg = Debug|iPhoneSimulator
		{14CCA12B-FF69-41F9-9C93-0282323867F3}.Debug|Any CPU.Build.0 = Debug|iPhoneSimulator
		{14CCA12B-FF69-41F9-9C93-0282323867F3}.Release|Any CPU.ActiveCfg = Release|iPhoneSimulator
		{14CCA12B-FF69-41F9-9C93-0282323867F3}.Release|Any CPU.Build.0 = Release|iPhoneSimulator
		{14CCA12B-FF69-41F9-9C93-0282323867F3}.Debug|iPhoneSimulator.ActiveCfg = Debug|iPhoneSimulator
		{14CCA12B-FF69-41F9-9C93-0282323867F3}.Debug|iPhoneSimulator.Build.0 = Debug|iPhoneSimulator
		{14CCA12B-FF69-41F9-9C93-0282323867F3}.Release|iPhoneSimulator.ActiveCfg = Release|iPhoneSimulator
		{14CCA12B-FF69-41F9-9C93-0282323867F3}.Release|iPhoneSimulator.Build.0 = Release|iPhoneSimulator
		{14CCA12B-FF69-41F9-9C93-0282323867F3}.Debug|iPhone.ActiveCfg = Debug|iPhone
		{14CCA12B-FF69-41F9-9C93-0282323867F3}.Debug|iPhone.Build.0 = Debug|iPhone
		{14CCA12B-FF69-41F9-9C93-0282323867F3}.Release|iPhone.ActiveCfg = Release|iPhone
		{14CCA12B-FF69-41F9-9C93-0282323867F3}.Release|iPhone.Build.0 = Release|iPhone
		{36701640-58A1-4C80-8EFA-19D4EFE67065}.Debug|Any CPU.ActiveCfg = Debug|Any CPU
		{36701640-58A1-4C80-8EFA-19D4EFE67065}.Debug|Any CPU.Build.0 = Debug|Any CPU
		{36701640-58A1-4C80-8EFA-19D4EFE67065}.Release|Any CPU.ActiveCfg = Release|Any CPU
		{36701640-58A1-4C80-8EFA-19D4EFE67065}.Release|Any CPU.Build.0 = Release|Any CPU
		{36701640-58A1-4C80-8EFA-19D4EFE67065}.Debug|iPhoneSimulator.ActiveCfg = Debug|Any CPU
		{36701640-58A1-4C80-8EFA-19D4EFE67065}.Debug|iPhoneSimulator.Build.0 = Debug|Any CPU
		{36701640-58A1-4C80-8EFA-19D4EFE67065}.Release|iPhoneSimulator.ActiveCfg = Release|Any CPU
		{36701640-58A1-4C80-8EFA-19D4EFE67065}.Release|iPhoneSimulator.Build.0 = Release|Any CPU
		{36701640-58A1-4C80-8EFA-19D4EFE67065}.Debug|iPhone.ActiveCfg = Debug|Any CPU
		{36701640-58A1-4C80-8EFA-19D4EFE67065}.Debug|iPhone.Build.0 = Debug|Any CPU
		{36701640-58A1-4C80-8EFA-19D4EFE67065}.Release|iPhone.ActiveCfg = Release|Any CPU
		{36701640-58A1-4C80-8EFA-19D4EFE67065}.Release|iPhone.Build.0 = Release|Any CPU
	EndGlobalSection
EndGlobal
