
Microsoft Visual Studio Solution File, Format Version 12.00
# Visual Studio Version 16
VisualStudioVersion = 16.0.29318.209
MinimumVisualStudioVersion = 10.0.40219.1
Project("{FAE04EC0-301F-11D3-BF4B-00C04F79EFBC}") = "AirPnP.UWP", "AirPnP.UWP\AirPnP.UWP.csproj", "{E8D1DFE5-CB05-4C71-A9DF-EDBB5D854412}"
EndProject
Project("{FAE04EC0-301F-11D3-BF4B-00C04F79EFBC}") = "AirPnP.Android", "AirPnP.Android\AirPnP.Android.csproj", "{DB3092EB-8BE2-4A6B-B014-0D45A534204C}"
EndProject
Project("{FAE04EC0-301F-11D3-BF4B-00C04F79EFBC}") = "AirPnP.iOS", "AirPnP.iOS\AirPnP.iOS.csproj", "{20057E51-4AFE-4B88-A5C4-73B44A94A5A5}"
EndProject
Project("{FAE04EC0-301F-11D3-BF4B-00C04F79EFBC}") = "AirPnP", "AirPnP\AirPnP.csproj", "{DE6A8031-FE7E-4C54-AB7F-E8570273442F}"
EndProject
Global
	GlobalSection(SolutionConfigurationPlatforms) = preSolution
		Debug|Any CPU = Debug|Any CPU
		Debug|ARM = Debug|ARM
		Debug|iPhone = Debug|iPhone
		Debug|iPhoneSimulator = Debug|iPhoneSimulator
		Debug|x64 = Debug|x64
		Debug|x86 = Debug|x86
		Release|Any CPU = Release|Any CPU
		Release|ARM = Release|ARM
		Release|iPhone = Release|iPhone
		Release|iPhoneSimulator = Release|iPhoneSimulator
		Release|x64 = Release|x64
		Release|x86 = Release|x86
	EndGlobalSection
	GlobalSection(ProjectConfigurationPlatforms) = postSolution
		{E8D1DFE5-CB05-4C71-A9DF-EDBB5D854412}.Debug|Any CPU.ActiveCfg = Debug|x86
		{E8D1DFE5-CB05-4C71-A9DF-EDBB5D854412}.Debug|Any CPU.Build.0 = Debug|x86
		{E8D1DFE5-CB05-4C71-A9DF-EDBB5D854412}.Debug|Any CPU.Deploy.0 = Debug|x86
		{E8D1DFE5-CB05-4C71-A9DF-EDBB5D854412}.Debug|ARM.ActiveCfg = Debug|ARM
		{E8D1DFE5-CB05-4C71-A9DF-EDBB5D854412}.Debug|ARM.Build.0 = Debug|ARM
		{E8D1DFE5-CB05-4C71-A9DF-EDBB5D854412}.Debug|ARM.Deploy.0 = Debug|ARM
		{E8D1DFE5-CB05-4C71-A9DF-EDBB5D854412}.Debug|iPhone.ActiveCfg = Debug|x86
		{E8D1DFE5-CB05-4C71-A9DF-EDBB5D854412}.Debug|iPhone.Build.0 = Debug|x86
		{E8D1DFE5-CB05-4C71-A9DF-EDBB5D854412}.Debug|iPhone.Deploy.0 = Debug|x86
		{E8D1DFE5-CB05-4C71-A9DF-EDBB5D854412}.Debug|iPhoneSimulator.ActiveCfg = Debug|x86
		{E8D1DFE5-CB05-4C71-A9DF-EDBB5D854412}.Debug|iPhoneSimulator.Build.0 = Debug|x86
		{E8D1DFE5-CB05-4C71-A9DF-EDBB5D854412}.Debug|iPhoneSimulator.Deploy.0 = Debug|x86
		{E8D1DFE5-CB05-4C71-A9DF-EDBB5D854412}.Debug|x64.ActiveCfg = Debug|x64
		{E8D1DFE5-CB05-4C71-A9DF-EDBB5D854412}.Debug|x64.Build.0 = Debug|x64
		{E8D1DFE5-CB05-4C71-A9DF-EDBB5D854412}.Debug|x64.Deploy.0 = Debug|x64
		{E8D1DFE5-CB05-4C71-A9DF-EDBB5D854412}.Debug|x86.ActiveCfg = Debug|x86
		{E8D1DFE5-CB05-4C71-A9DF-EDBB5D854412}.Debug|x86.Build.0 = Debug|x86
		{E8D1DFE5-CB05-4C71-A9DF-EDBB5D854412}.Debug|x86.Deploy.0 = Debug|x86
		{E8D1DFE5-CB05-4C71-A9DF-EDBB5D854412}.Release|Any CPU.ActiveCfg = Release|x86
		{E8D1DFE5-CB05-4C71-A9DF-EDBB5D854412}.Release|Any CPU.Build.0 = Release|x86
		{E8D1DFE5-CB05-4C71-A9DF-EDBB5D854412}.Release|Any CPU.Deploy.0 = Release|x86
		{E8D1DFE5-CB05-4C71-A9DF-EDBB5D854412}.Release|ARM.ActiveCfg = Release|ARM
		{E8D1DFE5-CB05-4C71-A9DF-EDBB5D854412}.Release|ARM.Build.0 = Release|ARM
		{E8D1DFE5-CB05-4C71-A9DF-EDBB5D854412}.Release|ARM.Deploy.0 = Release|ARM
		{E8D1DFE5-CB05-4C71-A9DF-EDBB5D854412}.Release|iPhone.ActiveCfg = Release|x86
		{E8D1DFE5-CB05-4C71-A9DF-EDBB5D854412}.Release|iPhone.Build.0 = Release|x86
		{E8D1DFE5-CB05-4C71-A9DF-EDBB5D854412}.Release|iPhone.Deploy.0 = Release|x86
		{E8D1DFE5-CB05-4C71-A9DF-EDBB5D854412}.Release|iPhoneSimulator.ActiveCfg = Release|x86
		{E8D1DFE5-CB05-4C71-A9DF-EDBB5D854412}.Release|iPhoneSimulator.Build.0 = Release|x86
		{E8D1DFE5-CB05-4C71-A9DF-EDBB5D854412}.Release|iPhoneSimulator.Deploy.0 = Release|x86
		{E8D1DFE5-CB05-4C71-A9DF-EDBB5D854412}.Release|x64.ActiveCfg = Release|x64
		{E8D1DFE5-CB05-4C71-A9DF-EDBB5D854412}.Release|x64.Build.0 = Release|x64
		{E8D1DFE5-CB05-4C71-A9DF-EDBB5D854412}.Release|x64.Deploy.0 = Release|x64
		{E8D1DFE5-CB05-4C71-A9DF-EDBB5D854412}.Release|x86.ActiveCfg = Release|x86
		{E8D1DFE5-CB05-4C71-A9DF-EDBB5D854412}.Release|x86.Build.0 = Release|x86
		{E8D1DFE5-CB05-4C71-A9DF-EDBB5D854412}.Release|x86.Deploy.0 = Release|x86
		{DB3092EB-8BE2-4A6B-B014-0D45A534204C}.Debug|Any CPU.ActiveCfg = Debug|Any CPU
		{DB3092EB-8BE2-4A6B-B014-0D45A534204C}.Debug|Any CPU.Build.0 = Debug|Any CPU
		{DB3092EB-8BE2-4A6B-B014-0D45A534204C}.Debug|Any CPU.Deploy.0 = Debug|Any CPU
		{DB3092EB-8BE2-4A6B-B014-0D45A534204C}.Debug|ARM.ActiveCfg = Debug|Any CPU
		{DB3092EB-8BE2-4A6B-B014-0D45A534204C}.Debug|ARM.Build.0 = Debug|Any CPU
		{DB3092EB-8BE2-4A6B-B014-0D45A534204C}.Debug|ARM.Deploy.0 = Debug|Any CPU
		{DB3092EB-8BE2-4A6B-B014-0D45A534204C}.Debug|iPhone.ActiveCfg = Debug|Any CPU
		{DB3092EB-8BE2-4A6B-B014-0D45A534204C}.Debug|iPhone.Build.0 = Debug|Any CPU
		{DB3092EB-8BE2-4A6B-B014-0D45A534204C}.Debug|iPhone.Deploy.0 = Debug|Any CPU
		{DB3092EB-8BE2-4A6B-B014-0D45A534204C}.Debug|iPhoneSimulator.ActiveCfg = Debug|Any CPU
		{DB3092EB-8BE2-4A6B-B014-0D45A534204C}.Debug|iPhoneSimulator.Build.0 = Debug|Any CPU
		{DB3092EB-8BE2-4A6B-B014-0D45A534204C}.Debug|iPhoneSimulator.Deploy.0 = Debug|Any CPU
		{DB3092EB-8BE2-4A6B-B014-0D45A534204C}.Debug|x64.ActiveCfg = Debug|Any CPU
		{DB3092EB-8BE2-4A6B-B014-0D45A534204C}.Debug|x64.Build.0 = Debug|Any CPU
		{DB3092EB-8BE2-4A6B-B014-0D45A534204C}.Debug|x64.Deploy.0 = Debug|Any CPU
		{DB3092EB-8BE2-4A6B-B014-0D45A534204C}.Debug|x86.ActiveCfg = Debug|Any CPU
		{DB3092EB-8BE2-4A6B-B014-0D45A534204C}.Debug|x86.Build.0 = Debug|Any CPU
		{DB3092EB-8BE2-4A6B-B014-0D45A534204C}.Debug|x86.Deploy.0 = Debug|Any CPU
		{DB3092EB-8BE2-4A6B-B014-0D45A534204C}.Release|Any CPU.ActiveCfg = Release|Any CPU
		{DB3092EB-8BE2-4A6B-B014-0D45A534204C}.Release|Any CPU.Build.0 = Release|Any CPU
		{DB3092EB-8BE2-4A6B-B014-0D45A534204C}.Release|Any CPU.Deploy.0 = Release|Any CPU
		{DB3092EB-8BE2-4A6B-B014-0D45A534204C}.Release|ARM.ActiveCfg = Release|Any CPU
		{DB3092EB-8BE2-4A6B-B014-0D45A534204C}.Release|ARM.Build.0 = Release|Any CPU
		{DB3092EB-8BE2-4A6B-B014-0D45A534204C}.Release|ARM.Deploy.0 = Release|Any CPU
		{DB3092EB-8BE2-4A6B-B014-0D45A534204C}.Release|iPhone.ActiveCfg = Release|Any CPU
		{DB3092EB-8BE2-4A6B-B014-0D45A534204C}.Release|iPhone.Build.0 = Release|Any CPU
		{DB3092EB-8BE2-4A6B-B014-0D45A534204C}.Release|iPhone.Deploy.0 = Release|Any CPU
		{DB3092EB-8BE2-4A6B-B014-0D45A534204C}.Release|iPhoneSimulator.ActiveCfg = Release|Any CPU
		{DB3092EB-8BE2-4A6B-B014-0D45A534204C}.Release|iPhoneSimulator.Build.0 = Release|Any CPU
		{DB3092EB-8BE2-4A6B-B014-0D45A534204C}.Release|iPhoneSimulator.Deploy.0 = Release|Any CPU
		{DB3092EB-8BE2-4A6B-B014-0D45A534204C}.Release|x64.ActiveCfg = Release|Any CPU
		{DB3092EB-8BE2-4A6B-B014-0D45A534204C}.Release|x64.Build.0 = Release|Any CPU
		{DB3092EB-8BE2-4A6B-B014-0D45A534204C}.Release|x64.Deploy.0 = Release|Any CPU
		{DB3092EB-8BE2-4A6B-B014-0D45A534204C}.Release|x86.ActiveCfg = Release|Any CPU
		{DB3092EB-8BE2-4A6B-B014-0D45A534204C}.Release|x86.Build.0 = Release|Any CPU
		{DB3092EB-8BE2-4A6B-B014-0D45A534204C}.Release|x86.Deploy.0 = Release|Any CPU
		{20057E51-4AFE-4B88-A5C4-73B44A94A5A5}.Debug|Any CPU.ActiveCfg = Debug|iPhone
		{20057E51-4AFE-4B88-A5C4-73B44A94A5A5}.Debug|Any CPU.Build.0 = Debug|iPhone
		{20057E51-4AFE-4B88-A5C4-73B44A94A5A5}.Debug|Any CPU.Deploy.0 = Debug|iPhone
		{20057E51-4AFE-4B88-A5C4-73B44A94A5A5}.Debug|ARM.ActiveCfg = Debug|iPhoneSimulator
		{20057E51-4AFE-4B88-A5C4-73B44A94A5A5}.Debug|ARM.Build.0 = Debug|iPhoneSimulator
		{20057E51-4AFE-4B88-A5C4-73B44A94A5A5}.Debug|ARM.Deploy.0 = Debug|iPhoneSimulator
		{20057E51-4AFE-4B88-A5C4-73B44A94A5A5}.Debug|iPhone.ActiveCfg = Debug|iPhone
		{20057E51-4AFE-4B88-A5C4-73B44A94A5A5}.Debug|iPhone.Build.0 = Debug|iPhone
		{20057E51-4AFE-4B88-A5C4-73B44A94A5A5}.Debug|iPhone.Deploy.0 = Debug|iPhone
		{20057E51-4AFE-4B88-A5C4-73B44A94A5A5}.Debug|iPhoneSimulator.ActiveCfg = Debug|iPhoneSimulator
		{20057E51-4AFE-4B88-A5C4-73B44A94A5A5}.Debug|iPhoneSimulator.Build.0 = Debug|iPhoneSimulator
		{20057E51-4AFE-4B88-A5C4-73B44A94A5A5}.Debug|iPhoneSimulator.Deploy.0 = Debug|iPhoneSimulator
		{20057E51-4AFE-4B88-A5C4-73B44A94A5A5}.Debug|x64.ActiveCfg = Debug|iPhone
		{20057E51-4AFE-4B88-A5C4-73B44A94A5A5}.Debug|x64.Build.0 = Debug|iPhone
		{20057E51-4AFE-4B88-A5C4-73B44A94A5A5}.Debug|x64.Deploy.0 = Debug|iPhone
		{20057E51-4AFE-4B88-A5C4-73B44A94A5A5}.Debug|x86.ActiveCfg = Debug|iPhone
		{20057E51-4AFE-4B88-A5C4-73B44A94A5A5}.Debug|x86.Build.0 = Debug|iPhone
		{20057E51-4AFE-4B88-A5C4-73B44A94A5A5}.Debug|x86.Deploy.0 = Debug|iPhone
		{20057E51-4AFE-4B88-A5C4-73B44A94A5A5}.Release|Any CPU.ActiveCfg = Release|iPhone
		{20057E51-4AFE-4B88-A5C4-73B44A94A5A5}.Release|Any CPU.Build.0 = Release|iPhone
		{20057E51-4AFE-4B88-A5C4-73B44A94A5A5}.Release|Any CPU.Deploy.0 = Release|iPhone
		{20057E51-4AFE-4B88-A5C4-73B44A94A5A5}.Release|ARM.ActiveCfg = Release|iPhone
		{20057E51-4AFE-4B88-A5C4-73B44A94A5A5}.Release|ARM.Build.0 = Release|iPhone
		{20057E51-4AFE-4B88-A5C4-73B44A94A5A5}.Release|ARM.Deploy.0 = Release|iPhone
		{20057E51-4AFE-4B88-A5C4-73B44A94A5A5}.Release|iPhone.ActiveCfg = Release|iPhone
		{20057E51-4AFE-4B88-A5C4-73B44A94A5A5}.Release|iPhone.Build.0 = Release|iPhone
		{20057E51-4AFE-4B88-A5C4-73B44A94A5A5}.Release|iPhone.Deploy.0 = Release|iPhone
		{20057E51-4AFE-4B88-A5C4-73B44A94A5A5}.Release|iPhoneSimulator.ActiveCfg = Release|iPhoneSimulator
		{20057E51-4AFE-4B88-A5C4-73B44A94A5A5}.Release|iPhoneSimulator.Build.0 = Release|iPhoneSimulator
		{20057E51-4AFE-4B88-A5C4-73B44A94A5A5}.Release|iPhoneSimulator.Deploy.0 = Release|iPhoneSimulator
		{20057E51-4AFE-4B88-A5C4-73B44A94A5A5}.Release|x64.ActiveCfg = Release|iPhone
		{20057E51-4AFE-4B88-A5C4-73B44A94A5A5}.Release|x64.Build.0 = Release|iPhone
		{20057E51-4AFE-4B88-A5C4-73B44A94A5A5}.Release|x64.Deploy.0 = Release|iPhone
		{20057E51-4AFE-4B88-A5C4-73B44A94A5A5}.Release|x86.ActiveCfg = Release|iPhone
		{20057E51-4AFE-4B88-A5C4-73B44A94A5A5}.Release|x86.Build.0 = Release|iPhone
		{20057E51-4AFE-4B88-A5C4-73B44A94A5A5}.Release|x86.Deploy.0 = Release|iPhone
		{DE6A8031-FE7E-4C54-AB7F-E8570273442F}.Debug|Any CPU.ActiveCfg = Debug|Any CPU
		{DE6A8031-FE7E-4C54-AB7F-E8570273442F}.Debug|Any CPU.Build.0 = Debug|Any CPU
		{DE6A8031-FE7E-4C54-AB7F-E8570273442F}.Debug|Any CPU.Deploy.0 = Debug|Any CPU
		{DE6A8031-FE7E-4C54-AB7F-E8570273442F}.Debug|ARM.ActiveCfg = Debug|Any CPU
		{DE6A8031-FE7E-4C54-AB7F-E8570273442F}.Debug|ARM.Build.0 = Debug|Any CPU
		{DE6A8031-FE7E-4C54-AB7F-E8570273442F}.Debug|ARM.Deploy.0 = Debug|Any CPU
		{DE6A8031-FE7E-4C54-AB7F-E8570273442F}.Debug|iPhone.ActiveCfg = Debug|Any CPU
		{DE6A8031-FE7E-4C54-AB7F-E8570273442F}.Debug|iPhone.Build.0 = Debug|Any CPU
		{DE6A8031-FE7E-4C54-AB7F-E8570273442F}.Debug|iPhone.Deploy.0 = Debug|Any CPU
		{DE6A8031-FE7E-4C54-AB7F-E8570273442F}.Debug|iPhoneSimulator.ActiveCfg = Debug|Any CPU
		{DE6A8031-FE7E-4C54-AB7F-E8570273442F}.Debug|iPhoneSimulator.Build.0 = Debug|Any CPU
		{DE6A8031-FE7E-4C54-AB7F-E8570273442F}.Debug|iPhoneSimulator.Deploy.0 = Debug|Any CPU
		{DE6A8031-FE7E-4C54-AB7F-E8570273442F}.Debug|x64.ActiveCfg = Debug|Any CPU
		{DE6A8031-FE7E-4C54-AB7F-E8570273442F}.Debug|x64.Build.0 = Debug|Any CPU
		{DE6A8031-FE7E-4C54-AB7F-E8570273442F}.Debug|x64.Deploy.0 = Debug|Any CPU
		{DE6A8031-FE7E-4C54-AB7F-E8570273442F}.Debug|x86.ActiveCfg = Debug|Any CPU
		{DE6A8031-FE7E-4C54-AB7F-E8570273442F}.Debug|x86.Build.0 = Debug|Any CPU
		{DE6A8031-FE7E-4C54-AB7F-E8570273442F}.Debug|x86.Deploy.0 = Debug|Any CPU
		{DE6A8031-FE7E-4C54-AB7F-E8570273442F}.Release|Any CPU.ActiveCfg = Release|Any CPU
		{DE6A8031-FE7E-4C54-AB7F-E8570273442F}.Release|Any CPU.Build.0 = Release|Any CPU
		{DE6A8031-FE7E-4C54-AB7F-E8570273442F}.Release|Any CPU.Deploy.0 = Release|Any CPU
		{DE6A8031-FE7E-4C54-AB7F-E8570273442F}.Release|ARM.ActiveCfg = Release|Any CPU
		{DE6A8031-FE7E-4C54-AB7F-E8570273442F}.Release|ARM.Build.0 = Release|Any CPU
		{DE6A8031-FE7E-4C54-AB7F-E8570273442F}.Release|ARM.Deploy.0 = Release|Any CPU
		{DE6A8031-FE7E-4C54-AB7F-E8570273442F}.Release|iPhone.ActiveCfg = Release|Any CPU
		{DE6A8031-FE7E-4C54-AB7F-E8570273442F}.Release|iPhone.Build.0 = Release|Any CPU
		{DE6A8031-FE7E-4C54-AB7F-E8570273442F}.Release|iPhone.Deploy.0 = Release|Any CPU
		{DE6A8031-FE7E-4C54-AB7F-E8570273442F}.Release|iPhoneSimulator.ActiveCfg = Release|Any CPU
		{DE6A8031-FE7E-4C54-AB7F-E8570273442F}.Release|iPhoneSimulator.Build.0 = Release|Any CPU
		{DE6A8031-FE7E-4C54-AB7F-E8570273442F}.Release|iPhoneSimulator.Deploy.0 = Release|Any CPU
		{DE6A8031-FE7E-4C54-AB7F-E8570273442F}.Release|x64.ActiveCfg = Release|Any CPU
		{DE6A8031-FE7E-4C54-AB7F-E8570273442F}.Release|x64.Build.0 = Release|Any CPU
		{DE6A8031-FE7E-4C54-AB7F-E8570273442F}.Release|x64.Deploy.0 = Release|Any CPU
		{DE6A8031-FE7E-4C54-AB7F-E8570273442F}.Release|x86.ActiveCfg = Release|Any CPU
		{DE6A8031-FE7E-4C54-AB7F-E8570273442F}.Release|x86.Build.0 = Release|Any CPU
		{DE6A8031-FE7E-4C54-AB7F-E8570273442F}.Release|x86.Deploy.0 = Release|Any CPU
	EndGlobalSection
	GlobalSection(SolutionProperties) = preSolution
		HideSolutionNode = FALSE
	EndGlobalSection
	GlobalSection(ExtensibilityGlobals) = postSolution
		SolutionGuid = {B114A2A9-F149-43B9-A9D2-2CAE1A4CEBAE}
	EndGlobalSection
EndGlobal
